
Microsoft Visual Studio Solution File, Format Version 12.00
# Visual Studio Version 17
VisualStudioVersion = 17.3.32811.315
MinimumVisualStudioVersion = 10.0.40219.1
Project("{FAE04EC0-301F-11D3-BF4B-00C04F79EFBC}") = "Academic Organizer", "Academic Organizer.csproj", "{BC65E72B-DE92-4625-85B5-C12A1BA7F60A}"
EndProject
Global
	GlobalSection(SolutionConfigurationPlatforms) = preSolution
		Debug|Any CPU = Debug|Any CPU
		Release|Any CPU = Release|Any CPU
	EndGlobalSection
	GlobalSection(ProjectConfigurationPlatforms) = postSolution
		{BC65E72B-DE92-4625-85B5-C12A1BA7F60A}.Debug|Any CPU.ActiveCfg = Debug|Any CPU
		{BC65E72B-DE92-4625-85B5-C12A1BA7F60A}.Debug|Any CPU.Build.0 = Debug|Any CPU
		{BC65E72B-DE92-4625-85B5-C12A1BA7F60A}.Release|Any CPU.ActiveCfg = Release|Any CPU
		{BC65E72B-DE92-4625-85B5-C12A1BA7F60A}.Release|Any CPU.Build.0 = Release|Any CPU
	EndGlobalSection
	GlobalSection(SolutionProperties) = preSolution
		HideSolutionNode = FALSE
	EndGlobalSection
	GlobalSection(ExtensibilityGlobals) = postSolution
		SolutionGuid = {CA596227-22D1-432B-9DDC-51AFCF9B6232}
	EndGlobalSection
EndGlobal
